
Microsoft Visual Studio Solution File, Format Version 12.00
# Visual Studio Version 17
VisualStudioVersion = 17.10.35013.160
MinimumVisualStudioVersion = 10.0.40219.1
Project("{FAE04EC0-301F-11D3-BF4B-00C04F79EFBC}") = "GUI-LAB", "GUI-LAB\GUI-LAB.csproj", "{7AD64028-2FAE-4125-996D-E4632582C65B}"
EndProject
Global
	GlobalSection(SolutionConfigurationPlatforms) = preSolution
		Debug|Any CPU = Debug|Any CPU
		Release|Any CPU = Release|Any CPU
	EndGlobalSection
	GlobalSection(ProjectConfigurationPlatforms) = postSolution
		{7AD64028-2FAE-4125-996D-E4632582C65B}.Debug|Any CPU.ActiveCfg = Debug|Any CPU
		{7AD64028-2FAE-4125-996D-E4632582C65B}.Debug|Any CPU.Build.0 = Debug|Any CPU
		{7AD64028-2FAE-4125-996D-E4632582C65B}.Release|Any CPU.ActiveCfg = Release|Any CPU
		{7AD64028-2FAE-4125-996D-E4632582C65B}.Release|Any CPU.Build.0 = Release|Any CPU
	EndGlobalSection
	GlobalSection(SolutionProperties) = preSolution
		HideSolutionNode = FALSE
	EndGlobalSection
	GlobalSection(ExtensibilityGlobals) = postSolution
		SolutionGuid = {592C0B9A-39EE-422E-ABBF-CD3AB6589075}
	EndGlobalSection
EndGlobal
